
Microsoft Visual Studio Solution File, Format Version 12.00
# Visual Studio Version 16
VisualStudioVersion = 16.0.33214.272
MinimumVisualStudioVersion = 10.0.40219.1
Project("{FAE04EC0-301F-11D3-BF4B-00C04F79EFBC}") = "XMLMenu", "XMLMenu\XMLMenu.csproj", "{E1E987A7-DA31-4755-B954-46148BD62706}"
EndProject
Global
	GlobalSection(SolutionConfigurationPlatforms) = preSolution
		Debug|Any CPU = Debug|Any CPU
		Release|Any CPU = Release|Any CPU
	EndGlobalSection
	GlobalSection(ProjectConfigurationPlatforms) = postSolution
		{E1E987A7-DA31-4755-B954-46148BD62706}.Debug|Any CPU.ActiveCfg = Debug|Any CPU
		{E1E987A7-DA31-4755-B954-46148BD62706}.Debug|Any CPU.Build.0 = Debug|Any CPU
		{E1E987A7-DA31-4755-B954-46148BD62706}.Release|Any CPU.ActiveCfg = Release|Any CPU
		{E1E987A7-DA31-4755-B954-46148BD62706}.Release|Any CPU.Build.0 = Release|Any CPU
	EndGlobalSection
	GlobalSection(SolutionProperties) = preSolution
		HideSolutionNode = FALSE
	EndGlobalSection
	GlobalSection(ExtensibilityGlobals) = postSolution
		SolutionGuid = {5B552668-C7B5-46D5-92C2-DC6C05E92795}
	EndGlobalSection
EndGlobal
